
Microsoft Visual Studio Solution File, Format Version 12.00
# Visual Studio Version 18
VisualStudioVersion = 18.3.11206.111
MinimumVisualStudioVersion = 10.0.40219.1
Project("{FAE04EC0-301F-11D3-BF4B-00C04F79EFBC}") = "QuanLyBanLaptop", "DoADocNet\QuanLyBanLaptop.csproj", "{A3227D6F-6AD6-4F2A-9915-A1584C08C065}"
EndProject
Global
	GlobalSection(SolutionConfigurationPlatforms) = preSolution
		Debug|Any CPU = Debug|Any CPU
		Release|Any CPU = Release|Any CPU
	EndGlobalSection
	GlobalSection(ProjectConfigurationPlatforms) = postSolution
		{A3227D6F-6AD6-4F2A-9915-A1584C08C065}.Debug|Any CPU.ActiveCfg = Debug|Any CPU
		{A3227D6F-6AD6-4F2A-9915-A1584C08C065}.Debug|Any CPU.Build.0 = Debug|Any CPU
		{A3227D6F-6AD6-4F2A-9915-A1584C08C065}.Release|Any CPU.ActiveCfg = Release|Any CPU
		{A3227D6F-6AD6-4F2A-9915-A1584C08C065}.Release|Any CPU.Build.0 = Release|Any CPU
	EndGlobalSection
	GlobalSection(SolutionProperties) = preSolution
		HideSolutionNode = FALSE
	EndGlobalSection
	GlobalSection(ExtensibilityGlobals) = postSolution
		SolutionGuid = {D5CD0420-780A-4A0E-AB42-CC7E0F6FB025}
	EndGlobalSection
EndGlobal
